{
  "name": "electron-keyvalues",
  "version": "0.1.7",
  "lockfileVersion": 2,
  "requires": true,
  "packages": {
    "": {
      "name": "electron-keyvalues",
      "version": "0.1.7",
      "license": "MIT",
      "dependencies": {
        "lodash": "^4.17.21",
        "mkdirp": "^3.0.0",
        "write-file-atomic": "^5.0.0"
      },
      "devDependencies": {
        "@types/lodash": "^4.14.194",
        "@types/write-file-atomic": "^4.0.0",
        "typescript": "^5.0.4"
      }
    },
    "node_modules/@types/lodash": {
      "version": "4.14.194",
      "resolved": "https://registry.npmjs.org/@types/lodash/-/lodash-4.14.194.tgz",
      "integrity": "sha512-r22s9tAS7imvBt2lyHC9B8AGwWnXaYb1tY09oyLkXDs4vArpYJzw09nj8MLx5VfciBPGIb+ZwG0ssYnEPJxn/g==",
      "dev": true
    },
    "node_modules/@types/node": {
      "version": "18.15.11",
      "resolved": "https://registry.npmjs.org/@types/node/-/node-18.15.11.tgz",
      "integrity": "sha512-E5Kwq2n4SbMzQOn6wnmBjuK9ouqlURrcZDVfbo9ftDDTFt3nk7ZKK4GMOzoYgnpQJKcxwQw+lGaBvvlMo0qN/Q==",
      "dev": true
    },
    "node_modules/@types/write-file-atomic": {
      "version": "4.0.0",
      "resolved": "https://registry.npmjs.org/@types/write-file-atomic/-/write-file-atomic-4.0.0.tgz",
      "integrity": "sha512-piEKt2KKBUtye+feTlfdPjtW7uPFsAaLNX3/f6AJD+Y1T1YPTFwnqtlO9Y+gy9qGshrvxKa/Kay9vqbyVIuhwQ==",
      "dev": true,
      "dependencies": {
        "@types/node": "*"
      }
    },
    "node_modules/imurmurhash": {
      "version": "0.1.4",
      "resolved": "https://registry.npmjs.org/imurmurhash/-/imurmurhash-0.1.4.tgz",
      "integrity": "sha512-JmXMZ6wuvDmLiHEml9ykzqO6lwFbof0GG4IkcGaENdCRDDmMVnny7s5HsIgHCbaq0w2MyPhDqkhTUgS2LU2PHA==",
      "engines": {
        "node": ">=0.8.19"
      }
    },
    "node_modules/lodash": {
      "version": "4.17.21",
      "resolved": "https://registry.npmjs.org/lodash/-/lodash-4.17.21.tgz",
      "integrity": "sha512-v2kDEe57lecTulaDIuNTPy3Ry4gLGJ6Z1O3vE1krgXZNrsQ+LFTGHVxVjcXPs17LhbZVGedAJv8XZ1tvj5FvSg=="
    },
    "node_modules/mkdirp": {
      "version": "3.0.0",
      "resolved": "https://registry.npmjs.org/mkdirp/-/mkdirp-3.0.0.tgz",
      "integrity": "sha512-7+JDnNsyCvZXoUJdkMR0oUE2AmAdsNXGTmRbiOjYIwQ6q+bL6NwrozGQdPcmYaNcrhH37F50HHBUzoaBV6FITQ==",
      "bin": {
        "mkdirp": "dist/cjs/src/bin.js"
      },
      "engines": {
        "node": ">=10"
      },
      "funding": {
        "url": "https://github.com/sponsors/isaacs"
      }
    },
    "node_modules/signal-exit": {
      "version": "3.0.7",
      "resolved": "https://registry.npmjs.org/signal-exit/-/signal-exit-3.0.7.tgz",
      "integrity": "sha512-wnD2ZE+l+SPC/uoS0vXeE9L1+0wuaMqKlfz9AMUo38JsyLSBWSFcHR1Rri62LZc12vLr1gb3jl7iwQhgwpAbGQ=="
    },
    "node_modules/typescript": {
      "version": "5.0.4",
      "resolved": "https://registry.npmjs.org/typescript/-/typescript-5.0.4.tgz",
      "integrity": "sha512-cW9T5W9xY37cc+jfEnaUvX91foxtHkza3Nw3wkoF4sSlKn0MONdkdEndig/qPBWXNkmplh3NzayQzCiHM4/hqw==",
      "dev": true,
      "bin": {
        "tsc": "bin/tsc",
        "tsserver": "bin/tsserver"
      },
      "engines": {
        "node": ">=12.20"
      }
    },
    "node_modules/write-file-atomic": {
      "version": "5.0.0",
      "resolved": "https://registry.npmjs.org/write-file-atomic/-/write-file-atomic-5.0.0.tgz",
      "integrity": "sha512-R7NYMnHSlV42K54lwY9lvW6MnSm1HSJqZL3xiSgi9E7//FYaI74r2G0rd+/X6VAMkHEdzxQaU5HUOXWUz5kA/w==",
      "dependencies": {
        "imurmurhash": "^0.1.4",
        "signal-exit": "^3.0.7"
      },
      "engines": {
        "node": "^14.17.0 || ^16.13.0 || >=18.0.0"
      }
    }
  },
  "dependencies": {
    "@types/lodash": {
      "version": "4.14.194",
      "resolved": "https://registry.npmjs.org/@types/lodash/-/lodash-4.14.194.tgz",
      "integrity": "sha512-r22s9tAS7imvBt2lyHC9B8AGwWnXaYb1tY09oyLkXDs4vArpYJzw09nj8MLx5VfciBPGIb+ZwG0ssYnEPJxn/g==",
      "dev": true
    },
    "@types/node": {
      "version": "18.15.11",
      "resolved": "https://registry.npmjs.org/@types/node/-/node-18.15.11.tgz",
      "integrity": "sha512-E5Kwq2n4SbMzQOn6wnmBjuK9ouqlURrcZDVfbo9ftDDTFt3nk7ZKK4GMOzoYgnpQJKcxwQw+lGaBvvlMo0qN/Q==",
      "dev": true
    },
    "@types/write-file-atomic": {
      "version": "4.0.0",
      "resolved": "https://registry.npmjs.org/@types/write-file-atomic/-/write-file-atomic-4.0.0.tgz",
      "integrity": "sha512-piEKt2KKBUtye+feTlfdPjtW7uPFsAaLNX3/f6AJD+Y1T1YPTFwnqtlO9Y+gy9qGshrvxKa/Kay9vqbyVIuhwQ==",
      "dev": true,
      "requires": {
        "@types/node": "*"
      }
    },
    "imurmurhash": {
      "version": "0.1.4",
      "resolved": "https://registry.npmjs.org/imurmurhash/-/imurmurhash-0.1.4.tgz",
      "integrity": "sha512-JmXMZ6wuvDmLiHEml9ykzqO6lwFbof0GG4IkcGaENdCRDDmMVnny7s5HsIgHCbaq0w2MyPhDqkhTUgS2LU2PHA=="
    },
    "lodash": {
      "version": "4.17.21",
      "resolved": "https://registry.npmjs.org/lodash/-/lodash-4.17.21.tgz",
      "integrity": "sha512-v2kDEe57lecTulaDIuNTPy3Ry4gLGJ6Z1O3vE1krgXZNrsQ+LFTGHVxVjcXPs17LhbZVGedAJv8XZ1tvj5FvSg=="
    },
    "mkdirp": {
      "version": "3.0.0",
      "resolved": "https://registry.npmjs.org/mkdirp/-/mkdirp-3.0.0.tgz",
      "integrity": "sha512-7+JDnNsyCvZXoUJdkMR0oUE2AmAdsNXGTmRbiOjYIwQ6q+bL6NwrozGQdPcmYaNcrhH37F50HHBUzoaBV6FITQ=="
    },
    "signal-exit": {
      "version": "3.0.7",
      "resolved": "https://registry.npmjs.org/signal-exit/-/signal-exit-3.0.7.tgz",
      "integrity": "sha512-wnD2ZE+l+SPC/uoS0vXeE9L1+0wuaMqKlfz9AMUo38JsyLSBWSFcHR1Rri62LZc12vLr1gb3jl7iwQhgwpAbGQ=="
    },
    "typescript": {
      "version": "5.0.4",
      "resolved": "https://registry.npmjs.org/typescript/-/typescript-5.0.4.tgz",
      "integrity": "sha512-cW9T5W9xY37cc+jfEnaUvX91foxtHkza3Nw3wkoF4sSlKn0MONdkdEndig/qPBWXNkmplh3NzayQzCiHM4/hqw==",
      "dev": true
    },
    "write-file-atomic": {
      "version": "5.0.0",
      "resolved": "https://registry.npmjs.org/write-file-atomic/-/write-file-atomic-5.0.0.tgz",
      "integrity": "sha512-R7NYMnHSlV42K54lwY9lvW6MnSm1HSJqZL3xiSgi9E7//FYaI74r2G0rd+/X6VAMkHEdzxQaU5HUOXWUz5kA/w==",
      "requires": {
        "imurmurhash": "^0.1.4",
        "signal-exit": "^3.0.7"
      }
    }
  }
}
